hash: d1b9c8720ba78b9b91bb1e0669c7bbaf3530ec9e77d269f92fddd26d42c6a48c
updated: 2016-12-09T14:15:15.443932862-05:00
imports:
- name: github.com/gorilla/context
  version: 08b5f424b9271eedf6f9f0ce86cb9396ed337a42
- name: github.com/gorilla/mux
  version: 0eeaf8392f5b04950925b8a69fe70f110fa7cbfc
- name: github.com/inconshreveable/mousetrap
  version: 76626ae9c91c4f2a10f34cad8ce83ea42c93bb75
- name: github.com/spf13/cobra
  version: 9495bc009a56819bdb0ddbc1a373e29c140bc674
- name: github.com/spf13/pflag
  version: 5ccb023bc27df288a957c5e994cd44fd19619465
- name: github.com/venicegeo/geojson-go
  version: ab7eb0e00662539522f8c72b7f878d7979412ded
  subpackages:
  - geojson
- name: github.com/venicegeo/pzsvc-lib
  version: fca89502ff2ce249801471974ee338b472e7a9b3
- name: gopkg.in/bsm/ratelimit.v1
  version: db14e161995a5177acef654cb0dd785e8ee8bc22
- name: gopkg.in/redis.v3
  version: 854c88a72c8bb9c09936145aef886b7697d6b995
  subpackages:
  - internal
  - internal/consistenthash
  - internal/hashtag
  - internal/pool
  - internal/proto
testImports: []
