hash: 7007287dc1d8183296b1692f25a619288ec66ade9b605ce3214428a731bed815
updated: 2017-04-05T14:48:30.915683733-04:00
imports:
- name: github.com/gorilla/context
  version: 08b5f424b9271eedf6f9f0ce86cb9396ed337a42
- name: github.com/gorilla/mux
  version: 392c28fe23e1c45ddba891b0320b3b5df220beea
- name: github.com/inconshreveable/mousetrap
  version: 76626ae9c91c4f2a10f34cad8ce83ea42c93bb75
- name: github.com/spf13/cobra
  version: 7aeaa2cce6ae7e18d2a6ee597b60ee137e999bd9
- name: github.com/spf13/pflag
  version: 9a906f17374922ed0f74e1b2f593d3723f2ffb00
- name: github.com/venicegeo/geojson-go
  version: 6e163c1e0f7948355597c7782b34aa7241d1d09f
  subpackages:
  - geojson
testImports: []
